<?xml version="1.0" encoding="utf-8"?>
<Project ToolsVersion="4.0" xmlns="http://schemas.microsoft.com/developer/msbuild/2003">
  <ItemGroup>
    <Filter Include="Source Files">
      <UniqueIdentifier>{4FC737F1-C7A5-4376-A066-2A32D752A2FF}</UniqueIdentifier>
      <Extensions>cpp;c;cc;cxx;def;odl;idl;hpj;bat;asm;asmx</Extensions>
    </Filter>
    <Filter Include="Header Files">
      <UniqueIdentifier>{93995380-89BD-4b04-88EB-625FBE52EBFB}</UniqueIdentifier>
      <Extensions>h;hh;hpp;hxx;hm;inl;inc;xsd</Extensions>
    </Filter>
    <Filter Include="Resource Files">
      <UniqueIdentifier>{67DA6AB6-F800-4c08-8B7A-83BB121AAD01}</UniqueIdentifier>
      <Extensions>rc;ico;cur;bmp;dlg;rc2;rct;bin;rgs;gif;jpg;jpeg;jpe;resx;tiff;tif;png;wav;mfcribbon-ms</Extensions>
    </Filter>
    <Filter Include="Header Files\ChatControl">
      <UniqueIdentifier>{df45a413-da07-428d-964b-623736f54e0d}</UniqueIdentifier>
    </Filter>
    <Filter Include="Header Files\GameControl">
      <UniqueIdentifier>{7548b886-4687-4b26-8eb2-28fe8f475895}</UniqueIdentifier>
    </Filter>
    <Filter Include="Header Files\Utilitaires">
      <UniqueIdentifier>{28391bad-b782-44bf-97bf-b7502c99cafe}</UniqueIdentifier>
    </Filter>
    <Filter Include="Source Files\ChatControl">
      <UniqueIdentifier>{e813dd5e-3a97-4fbb-9519-85199e47473f}</UniqueIdentifier>
    </Filter>
    <Filter Include="Source Files\GameControl">
      <UniqueIdentifier>{11b79fef-1b61-4cad-b8f9-0bea82603374}</UniqueIdentifier>
    </Filter>
    <Filter Include="Source Files\Utilitaire">
      <UniqueIdentifier>{4b72dcae-ca11-455e-81f1-9cc21c8fe480}</UniqueIdentifier>
    </Filter>
  </ItemGroup>
  <ItemGroup>
    <ClCompile Include="Main.cpp">
      <Filter>Source Files</Filter>
    </ClCompile>
    <ClCompile Include="..\..\..\Client Lourd\Sources\DLL\CommsControl\CommsControl.cpp">
      <Filter>Source Files</Filter>
    </ClCompile>
    <ClCompile Include="..\..\SharedFiles\AbstractSocketV2.cpp">
      <Filter>Source Files\Utilitaire</Filter>
    </ClCompile>
    <ClCompile Include="..\..\..\Client Lourd\Sources\DLL\CommsControl\ChatControl\ChatControl.cpp">
      <Filter>Source Files\ChatControl</Filter>
    </ClCompile>
    <ClCompile Include="..\..\..\Client Lourd\Sources\DLL\CommsControl\ChatControl\ChatMessage.cpp">
      <Filter>Source Files\ChatControl</Filter>
    </ClCompile>
    <ClCompile Include="..\..\..\Client Lourd\Sources\DLL\CommsControl\ChatControl\ChatRoom.cpp">
      <Filter>Source Files\ChatControl</Filter>
    </ClCompile>
    <ClCompile Include="..\..\..\Client Lourd\Sources\DLL\CommsControl\GameControl\GameControl.cpp">
      <Filter>Source Files\GameControl</Filter>
    </ClCompile>
    <ClCompile Include="..\..\SharedFiles\GameRoom.cpp">
      <Filter>Source Files\GameControl</Filter>
    </ClCompile>
    <ClCompile Include="..\..\SharedFiles\IP.cpp">
      <Filter>Source Files\Utilitaire</Filter>
    </ClCompile>
    <ClCompile Include="..\..\SharedFiles\User.cpp">
      <Filter>Source Files\Utilitaire</Filter>
    </ClCompile>
    <ClCompile Include="..\..\SharedFiles\Utilitaire.cpp">
      <Filter>Source Files\Utilitaire</Filter>
    </ClCompile>
    <ClCompile Include="..\..\..\Client Lourd\Sources\DLL\CommsControl\GameServerControl\GameServerControl.cpp">
      <Filter>Source Files\GameControl</Filter>
    </ClCompile>
    <ClCompile Include="..\..\..\Client Lourd\Sources\DLL\CommsControl\GameServerControl\GameServerData.cpp">
      <Filter>Source Files\GameControl</Filter>
    </ClCompile>
  </ItemGroup>
  <ItemGroup>
    <ClInclude Include="..\..\..\Client Lourd\Sources\DLL\CommsControl\CommsControl.h">
      <Filter>Header Files</Filter>
    </ClInclude>
    <ClInclude Include="..\..\..\Client Lourd\Sources\DLL\CommsControl\ChatControl\ChatControl.h">
      <Filter>Header Files\ChatControl</Filter>
    </ClInclude>
    <ClInclude Include="..\..\..\Client Lourd\Sources\DLL\CommsControl\ChatControl\ChatMessage.h">
      <Filter>Header Files\ChatControl</Filter>
    </ClInclude>
    <ClInclude Include="..\..\..\Client Lourd\Sources\DLL\CommsControl\ChatControl\ChatRoom.h">
      <Filter>Header Files\ChatControl</Filter>
    </ClInclude>
    <ClInclude Include="..\..\..\Client Lourd\Sources\DLL\CommsControl\GameControl\GameControl.h">
      <Filter>Header Files\GameControl</Filter>
    </ClInclude>
    <ClInclude Include="..\..\SharedFiles\GameRoom.h">
      <Filter>Header Files\GameControl</Filter>
    </ClInclude>
    <ClInclude Include="..\..\SharedFiles\AbstractSocketV2.h">
      <Filter>Header Files\Utilitaires</Filter>
    </ClInclude>
    <ClInclude Include="..\..\SharedFiles\IP.h">
      <Filter>Header Files\Utilitaires</Filter>
    </ClInclude>
    <ClInclude Include="..\..\SharedFiles\User.h">
      <Filter>Header Files\Utilitaires</Filter>
    </ClInclude>
    <ClInclude Include="..\..\SharedFiles\Utilitaire.h">
      <Filter>Header Files\Utilitaires</Filter>
    </ClInclude>
    <ClInclude Include="..\..\..\Client Lourd\Sources\DLL\CommsControl\GameServerControl\GameServerControl.h">
      <Filter>Header Files\GameControl</Filter>
    </ClInclude>
    <ClInclude Include="..\..\..\Client Lourd\Sources\DLL\CommsControl\GameServerControl\GameServerData.h">
      <Filter>Header Files\GameControl</Filter>
    </ClInclude>
  </ItemGroup>
</Project>